Microsoft Visual Studio Solution File, Format Version 12.00
# Visual Studio 2012
Project("{FAE04EC0-301F-11D3-BF4B-00C04F79EFBC}") = "Zoom-to-home", "Zoom-to-home.csproj", "{92D29B13-2B41-490D-8273-6BBA49C9AEFC}"
EndProject
Global
	GlobalSection(SolutionConfigurationPlatforms) = preSolution
	Debug|Any CPU = Debug|Any CPU
	ExportDebug|Any CPU = ExportDebug|Any CPU
	ExportRelease|Any CPU = ExportRelease|Any CPU
	EndGlobalSection
	GlobalSection(ProjectConfigurationPlatforms) = postSolution
		{92D29B13-2B41-490D-8273-6BBA49C9AEFC}.Debug|Any CPU.ActiveCfg = Debug|Any CPU
		{92D29B13-2B41-490D-8273-6BBA49C9AEFC}.Debug|Any CPU.Build.0 = Debug|Any CPU
		{92D29B13-2B41-490D-8273-6BBA49C9AEFC}.ExportDebug|Any CPU.ActiveCfg = ExportDebug|Any CPU
		{92D29B13-2B41-490D-8273-6BBA49C9AEFC}.ExportDebug|Any CPU.Build.0 = ExportDebug|Any CPU
		{92D29B13-2B41-490D-8273-6BBA49C9AEFC}.ExportRelease|Any CPU.ActiveCfg = ExportRelease|Any CPU
		{92D29B13-2B41-490D-8273-6BBA49C9AEFC}.ExportRelease|Any CPU.Build.0 = ExportRelease|Any CPU
	EndGlobalSection
EndGlobal
